
Microsoft Visual Studio Solution File, Format Version 12.00
# Visual Studio Version 16
VisualStudioVersion = 16.0.30907.101
MinimumVisualStudioVersion = 10.0.40219.1
Project("{FAE04EC0-301F-11D3-BF4B-00C04F79EFBC}") = "clipdump", "clipdump\clipdump.csproj", "{AFB9AE81-3AE3-41C9-85DB-C398C2AA7C5C}"
EndProject
Global
	GlobalSection(SolutionConfigurationPlatforms) = preSolution
		Debug|Any CPU = Debug|Any CPU
		Release|Any CPU = Release|Any CPU
	EndGlobalSection
	GlobalSection(ProjectConfigurationPlatforms) = postSolution
		{AFB9AE81-3AE3-41C9-85DB-C398C2AA7C5C}.Debug|Any CPU.ActiveCfg = Debug|Any CPU
		{AFB9AE81-3AE3-41C9-85DB-C398C2AA7C5C}.Debug|Any CPU.Build.0 = Debug|Any CPU
		{AFB9AE81-3AE3-41C9-85DB-C398C2AA7C5C}.Release|Any CPU.ActiveCfg = Release|Any CPU
		{AFB9AE81-3AE3-41C9-85DB-C398C2AA7C5C}.Release|Any CPU.Build.0 = Release|Any CPU
	EndGlobalSection
	GlobalSection(SolutionProperties) = preSolution
		HideSolutionNode = FALSE
	EndGlobalSection
	GlobalSection(ExtensibilityGlobals) = postSolution
		SolutionGuid = {E9A2B082-38EE-43F5-83FA-C3E975CB230D}
	EndGlobalSection
EndGlobal
